<?xml version="1.0" encoding="utf-8"?>
<Project ToolsVersion="4.0" xmlns="http://schemas.microsoft.com/developer/msbuild/2003">
  <ItemGroup>
    <Filter Include="Source Files">
      <UniqueIdentifier>{9882eb7c-4ccf-4e6e-9ed0-7f48b00e237f}</UniqueIdentifier>
      <Extensions>cpp;c;cxx;rc;def;r;odl;idl;hpj;bat</Extensions>
    </Filter>
    <Filter Include="Header Files">
      <UniqueIdentifier>{25f9a4f3-9d56-4ed0-afa8-0ccaf67f09f2}</UniqueIdentifier>
      <Extensions>h;hpp;hxx;hm;inl</Extensions>
    </Filter>
    <Filter Include="Resource Files">
      <UniqueIdentifier>{453bcb14-e873-483e-bf77-a46a202abb7e}</UniqueIdentifier>
      <Extensions>ico;cur;bmp;dlg;rc2;rct;bin;rgs;gif;jpg;jpeg;jpe</Extensions>
    </Filter>
  </ItemGroup>
  <ItemGroup>
    <ClCompile Include="AAPI.cxx">
      <Filter>Source Files</Filter>
    </ClCompile>
    <ClCompile Include="EventManager.c">
      <Filter>Source Files</Filter>
    </ClCompile>
    <ClCompile Include="java.c">
      <Filter>Source Files</Filter>
    </ClCompile>
    <ClCompile Include="java_md.c">
      <Filter>Source Files</Filter>
    </ClCompile>
    <ClCompile Include="JavaCalls.c">
      <Filter>Source Files</Filter>
    </ClCompile>
    <ClCompile Include="JavaLauncher.c">
      <Filter>Source Files</Filter>
    </ClCompile>
    <ClCompile Include="JavaMethods.cpp">
      <Filter>Source Files</Filter>
    </ClCompile>
  </ItemGroup>
  <ItemGroup>
    <ClInclude Include="AAPI.h">
      <Filter>Header Files</Filter>
    </ClInclude>
    <ClInclude Include="AKIProxie.h">
      <Filter>Header Files</Filter>
    </ClInclude>
    <ClInclude Include="ANGConProxie.h">
      <Filter>Header Files</Filter>
    </ClInclude>
    <ClInclude Include="CIProxie.h">
      <Filter>Header Files</Filter>
    </ClInclude>
    <ClInclude Include="EventManager.h">
      <Filter>Header Files</Filter>
    </ClInclude>
    <ClInclude Include="java.h">
      <Filter>Header Files</Filter>
    </ClInclude>
    <ClInclude Include="java_md.h">
      <Filter>Header Files</Filter>
    </ClInclude>
    <ClInclude Include="JavaCalls.h">
      <Filter>Header Files</Filter>
    </ClInclude>
    <ClInclude Include="javaExporter.h">
      <Filter>Header Files</Filter>
    </ClInclude>
    <ClInclude Include="JavaMethods.h">
      <Filter>Header Files</Filter>
    </ClInclude>
  </ItemGroup>
  <ItemGroup>
    <CustomBuild Include="JavaLauncher.h">
      <Filter>Header Files</Filter>
    </CustomBuild>
  </ItemGroup>
</Project>